
Microsoft Visual Studio Solution File, Format Version 12.00
# Visual Studio 15
VisualStudioVersion = 15.0.27130.2036
MinimumVisualStudioVersion = 10.0.40219.1
Project("{FAE04EC0-301F-11D3-BF4B-00C04F79EFBC}") = "RectSectDrawer", "RectSectDrawer\RectSectDrawer.csproj", "{FC101528-79CC-4A2D-8B12-39B0B8FB351E}"
EndProject
Global
	GlobalSection(SolutionConfigurationPlatforms) = preSolution
		Debug|Any CPU = Debug|Any CPU
		Release|Any CPU = Release|Any CPU
	EndGlobalSection
	GlobalSection(ProjectConfigurationPlatforms) = postSolution
		{FC101528-79CC-4A2D-8B12-39B0B8FB351E}.Debug|Any CPU.ActiveCfg = Debug|Any CPU
		{FC101528-79CC-4A2D-8B12-39B0B8FB351E}.Debug|Any CPU.Build.0 = Debug|Any CPU
		{FC101528-79CC-4A2D-8B12-39B0B8FB351E}.Release|Any CPU.ActiveCfg = Release|Any CPU
		{FC101528-79CC-4A2D-8B12-39B0B8FB351E}.Release|Any CPU.Build.0 = Release|Any CPU
	EndGlobalSection
	GlobalSection(SolutionProperties) = preSolution
		HideSolutionNode = FALSE
	EndGlobalSection
	GlobalSection(ExtensibilityGlobals) = postSolution
		SolutionGuid = {4DAA256E-9A65-45E8-9585-D2E95019D2AB}
	EndGlobalSection
EndGlobal
